{
  "name": "just-drag-and-drop",
  "lockfileVersion": 2,
  "requires": true,
  "packages": {
    "": {
      "dependencies": {
        "chart.heatmap.js": "^0.0.1-alpha",
        "chartjs-chart-matrix": "^1.1.1"
      }
    },
    "node_modules/chart.heatmap.js": {
      "version": "0.0.1-alpha",
      "resolved": "https://registry.npmjs.org/chart.heatmap.js/-/chart.heatmap.js-0.0.1-alpha.tgz",
      "integrity": "sha1-wqcltMGZMMhu6oiyRorPWFOzpSY="
    },
    "node_modules/chart.js": {
      "version": "3.6.2",
      "resolved": "https://registry.npmjs.org/chart.js/-/chart.js-3.6.2.tgz",
      "integrity": "sha512-Xz7f/fgtVltfQYWq0zL1Xbv7N2inpG+B54p3D5FSvpCdy3sM+oZhbqa42eNuYXltaVvajgX5UpKCU2GeeJIgxg==",
      "peer": true
    },
    "node_modules/chartjs-chart-matrix": {
      "version": "1.1.1",
      "resolved": "https://registry.npmjs.org/chartjs-chart-matrix/-/chartjs-chart-matrix-1.1.1.tgz",
      "integrity": "sha512-0ZNP2Jib4GD/V8BOV1H5myB4RCmdmb3KJ8M9unhCByxojKpAiB70Z/AEc/Uy2Y01bTGLArToqzYpzBMYhDh0uw==",
      "peerDependencies": {
        "chart.js": "^3.0.0"
      }
    }
  },
  "dependencies": {
    "chart.heatmap.js": {
      "version": "0.0.1-alpha",
      "resolved": "https://registry.npmjs.org/chart.heatmap.js/-/chart.heatmap.js-0.0.1-alpha.tgz",
      "integrity": "sha1-wqcltMGZMMhu6oiyRorPWFOzpSY="
    },
    "chart.js": {
      "version": "3.6.2",
      "resolved": "https://registry.npmjs.org/chart.js/-/chart.js-3.6.2.tgz",
      "integrity": "sha512-Xz7f/fgtVltfQYWq0zL1Xbv7N2inpG+B54p3D5FSvpCdy3sM+oZhbqa42eNuYXltaVvajgX5UpKCU2GeeJIgxg==",
      "peer": true
    },
    "chartjs-chart-matrix": {
      "version": "1.1.1",
      "resolved": "https://registry.npmjs.org/chartjs-chart-matrix/-/chartjs-chart-matrix-1.1.1.tgz",
      "integrity": "sha512-0ZNP2Jib4GD/V8BOV1H5myB4RCmdmb3KJ8M9unhCByxojKpAiB70Z/AEc/Uy2Y01bTGLArToqzYpzBMYhDh0uw==",
      "requires": {}
    }
  }
}
